// !$*UTF8*$!
{
	archiveVersion = 1;
	classes = {
	};
	objectVersion = 56;
	objects = {

/* Begin PBXBuildFile section */
		986ADA422B6C7D1F004E68FF /* main.swift in Sources */ = {isa = PBXBuildFile; fileRef = 986ADA412B6C7D1F004E68FF /* main.swift */; };
		986ADA4A2B6C7D95004E68FF /* TypeSend.swift in Sources */ = {isa = PBXBuildFile; fileRef = 986ADA492B6C7D95004E68FF /* TypeSend.swift */; };
		986B73A22B717BE100871DAE /* SingletonBasic.swift in Sources */ = {isa = PBXBuildFile; fileRef = 986B73A12B717BE100871DAE /* SingletonBasic.swift */; };
		986B73A42B71810600871DAE /* SystemConfiguration.swift in Sources */ = {isa = PBXBuildFile; fileRef = 986B73A32B71810600871DAE /* SystemConfiguration.swift */; };
/* End PBXBuildFile section */

/* Begin PBXCopyFilesBuildPhase section */
		986ADA3C2B6C7D1F004E68FF /* CopyFiles */ = {
			isa = PBXCopyFilesBuildPhase;
			buildActionMask = 2147483647;
			dstPath = /usr/share/man/man1/;
			dstSubfolderSpec = 0;
			files = (
			);
			runOnlyForDeploymentPostprocessing = 1;
		};
/* End PBXCopyFilesBuildPhase section */

/* Begin PBXFileReference section */
		986ADA3E2B6C7D1F004E68FF /* swift-desingPatter */ = {isa = PBXFileReference; explicitFileType = "compiled.mach-o.executable"; includeInIndex = 0; path = "swift-desingPatter"; sourceTree = BUILT_PRODUCTS_DIR; };
		986ADA412B6C7D1F004E68FF /* main.swift */ = {isa = PBXFileReference; lastKnownFileType = sourcecode.swift; path = main.swift; sourceTree = "<group>"; };
		986ADA492B6C7D95004E68FF /* TypeSend.swift */ = {isa = PBXFileReference; lastKnownFileType = sourcecode.swift; path = TypeSend.swift; sourceTree = "<group>"; };
		986B73A12B717BE100871DAE /* SingletonBasic.swift */ = {isa = PBXFileReference; lastKnownFileType = sourcecode.swift; path = SingletonBasic.swift; sourceTree = "<group>"; };
		986B73A32B71810600871DAE /* SystemConfiguration.swift */ = {isa = PBXFileReference; lastKnownFileType = sourcecode.swift; path = SystemConfiguration.swift; sourceTree = "<group>"; };
/* End PBXFileReference section */

/* Begin PBXFrameworksBuildPhase section */
		986ADA3B2B6C7D1F004E68FF /* Frameworks */ = {
			isa = PBXFrameworksBuildPhase;
			buildActionMask = 2147483647;
			files = (
			);
			runOnlyForDeploymentPostprocessing = 0;
		};
/* End PBXFrameworksBuildPhase section */

/* Begin PBXGroup section */
		986ADA352B6C7D1F004E68FF = {
			isa = PBXGroup;
			children = (
				986ADA402B6C7D1F004E68FF /* swift-desingPatter */,
				986ADA412B6C7D1F004E68FF /* main.swift */,
				986ADA3F2B6C7D1F004E68FF /* Products */,
			);
			sourceTree = "<group>";
		};
		986ADA3F2B6C7D1F004E68FF /* Products */ = {
			isa = PBXGroup;
			children = (
				986ADA3E2B6C7D1F004E68FF /* swift-desingPatter */,
			);
			name = Products;
			sourceTree = "<group>";
		};
		986ADA402B6C7D1F004E68FF /* swift-desingPatter */ = {
			isa = PBXGroup;
			children = (
				986B73A02B717BB600871DAE /* Singleton */,
				986ADA482B6C7D35004E68FF /* FactoryMethod */,
			);
			path = "swift-desingPatter";
			sourceTree = "<group>";
		};
		986ADA482B6C7D35004E68FF /* FactoryMethod */ = {
			isa = PBXGroup;
			children = (
				986ADA492B6C7D95004E68FF /* TypeSend.swift */,
			);
			path = FactoryMethod;
			sourceTree = "<group>";
		};
		986B73A02B717BB600871DAE /* Singleton */ = {
			isa = PBXGroup;
			children = (
				986B73A12B717BE100871DAE /* SingletonBasic.swift */,
				986B73A32B71810600871DAE /* SystemConfiguration.swift */,
			);
			path = Singleton;
			sourceTree = "<group>";
		};
/* End PBXGroup section */

/* Begin PBXNativeTarget section */
		986ADA3D2B6C7D1F004E68FF /* swift-desingPatter */ = {
			isa = PBXNativeTarget;
			buildConfigurationList = 986ADA452B6C7D1F004E68FF /* Build configuration list for PBXNativeTarget "swift-desingPatter" */;
			buildPhases = (
				986ADA3A2B6C7D1F004E68FF /* Sources */,
				986ADA3B2B6C7D1F004E68FF /* Frameworks */,
				986ADA3C2B6C7D1F004E68FF /* CopyFiles */,
			);
			buildRules = (
			);
			dependencies = (
			);
			name = "swift-desingPatter";
			productName = "swift-desingPatter";
			productReference = 986ADA3E2B6C7D1F004E68FF /* swift-desingPatter */;
			productType = "com.apple.product-type.tool";
		};
/* End PBXNativeTarget section */

/* Begin PBXProject section */
		986ADA362B6C7D1F004E68FF /* Project object */ = {
			isa = PBXProject;
			attributes = {
				BuildIndependentTargetsInParallel = 1;
				LastSwiftUpdateCheck = 1420;
				LastUpgradeCheck = 1420;
				TargetAttributes = {
					986ADA3D2B6C7D1F004E68FF = {
						CreatedOnToolsVersion = 14.2;
					};
				};
			};
			buildConfigurationList = 986ADA392B6C7D1F004E68FF /* Build configuration list for PBXProject "swift-desingPatter" */;
			compatibilityVersion = "Xcode 14.0";
			developmentRegion = en;
			hasScannedForEncodings = 0;
			knownRegions = (
				en,
				Base,
			);
			mainGroup = 986ADA352B6C7D1F004E68FF;
			productRefGroup = 986ADA3F2B6C7D1F004E68FF /* Products */;
			projectDirPath = "";
			projectRoot = "";
			targets = (
				986ADA3D2B6C7D1F004E68FF /* swift-desingPatter */,
			);
		};
/* End PBXProject section */

/* Begin PBXSourcesBuildPhase section */
		986ADA3A2B6C7D1F004E68FF /* Sources */ = {
			isa = PBXSourcesBuildPhase;
			buildActionMask = 2147483647;
			files = (
				986B73A22B717BE100871DAE /* SingletonBasic.swift in Sources */,
				986B73A42B71810600871DAE /* SystemConfiguration.swift in Sources */,
				986ADA422B6C7D1F004E68FF /* main.swift in Sources */,
				986ADA4A2B6C7D95004E68FF /* TypeSend.swift in Sources */,
			);
			runOnlyForDeploymentPostprocessing = 0;
		};
/* End PBXSourcesBuildPhase section */

/* Begin XCBuildConfiguration section */
		986ADA432B6C7D1F004E68FF /* Debug */ = {
			isa = XCBuildConfiguration;
			buildSettings = {
				ALWAYS_SEARCH_USER_PATHS = NO;
				CLANG_ANALYZER_NONNULL = YES;
				CLANG_ANALYZER_NUMBER_OBJECT_CONVERSION = YES_AGGRESSIVE;
				CLANG_CXX_LANGUAGE_STANDARD = "gnu++20";
				CLANG_ENABLE_MODULES = YES;
				CLANG_ENABLE_OBJC_ARC = YES;
				CLANG_ENABLE_OBJC_WEAK = YES;
				CLANG_WARN_BLOCK_CAPTURE_AUTORELEASING = YES;
				CLANG_WARN_BOOL_CONVERSION = YES;
				CLANG_WARN_COMMA = YES;
				CLANG_WARN_CONSTANT_CONVERSION = YES;
				CLANG_WARN_DEPRECATED_OBJC_IMPLEMENTATIONS = YES;
				CLANG_WARN_DIRECT_OBJC_ISA_USAGE = YES_ERROR;
				CLANG_WARN_DOCUMENTATION_COMMENTS = YES;
				CLANG_WARN_EMPTY_BODY = YES;
				CLANG_WARN_ENUM_CONVERSION = YES;
				CLANG_WARN_INFINITE_RECURSION = YES;
				CLANG_WARN_INT_CONVERSION = YES;
				CLANG_WARN_NON_LITERAL_NULL_CONVERSION = YES;
				CLANG_WARN_OBJC_IMPLICIT_RETAIN_SELF = YES;
				CLANG_WARN_OBJC_LITERAL_CONVERSION = YES;
				CLANG_WARN_OBJC_ROOT_CLASS = YES_ERROR;
				CLANG_WARN_QUOTED_INCLUDE_IN_FRAMEWORK_HEADER = YES;
				CLANG_WARN_RANGE_LOOP_ANALYSIS = YES;
				CLANG_WARN_STRICT_PROTOTYPES = YES;
				CLANG_WARN_SUSPICIOUS_MOVE = YES;
				CLANG_WARN_UNGUARDED_AVAILABILITY = YES_AGGRESSIVE;
				CLANG_WARN_UNREACHABLE_CODE = YES;
				CLANG_WARN__DUPLICATE_METHOD_MATCH = YES;
				COPY_PHASE_STRIP = NO;
				DEBUG_INFORMATION_FORMAT = dwarf;
				ENABLE_STRICT_OBJC_MSGSEND = YES;
				ENABLE_TESTABILITY = YES;
				GCC_C_LANGUAGE_STANDARD = gnu11;
				GCC_DYNAMIC_NO_PIC = NO;
				GCC_NO_COMMON_BLOCKS = YES;
				GCC_OPTIMIZATION_LEVEL = 0;
				GCC_PREPROCESSOR_DEFINITIONS = (
					"DEBUG=1",
					"$(inherited)",
				);
				GCC_WARN_64_TO_32_BIT_CONVERSION = YES;
				GCC_WARN_ABOUT_RETURN_TYPE = YES_ERROR;
				GCC_WARN_UNDECLARED_SELECTOR = YES;
				GCC_WARN_UNINITIALIZED_AUTOS = YES_AGGRESSIVE;
				GCC_WARN_UNUSED_FUNCTION = YES;
				GCC_WARN_UNUSED_VARIABLE = YES;
				MACOSX_DEPLOYMENT_TARGET = 12.7;
				MTL_ENABLE_DEBUG_INFO = INCLUDE_SOURCE;
				MTL_FAST_MATH = YES;
				ONLY_ACTIVE_ARCH = YES;
				SDKROOT = macosx;
				SWIFT_ACTIVE_COMPILATION_CONDITIONS = DEBUG;
				SWIFT_OPTIMIZATION_LEVEL = "-Onone";
			};
			name = Debug;
		};
		986ADA442B6C7D1F004E68FF /* Release */ = {
			isa = XCBuildConfiguration;
			buildSettings = {
				ALWAYS_SEARCH_USER_PATHS = NO;
				CLANG_ANALYZER_NONNULL = YES;
				CLANG_ANALYZER_NUMBER_OBJECT_CONVERSION = YES_AGGRESSIVE;
				CLANG_CXX_LANGUAGE_STANDARD = "gnu++20";
				CLANG_ENABLE_MODULES = YES;
				CLANG_ENABLE_OBJC_ARC = YES;
				CLANG_ENABLE_OBJC_WEAK = YES;
				CLANG_WARN_BLOCK_CAPTURE_AUTORELEASING = YES;
				CLANG_WARN_BOOL_CONVERSION = YES;
				CLANG_WARN_COMMA = YES;
				CLANG_WARN_CONSTANT_CONVERSION = YES;
				CLANG_WARN_DEPRECATED_OBJC_IMPLEMENTATIONS = YES;
				CLANG_WARN_DIRECT_OBJC_ISA_USAGE = YES_ERROR;
				CLANG_WARN_DOCUMENTATION_COMMENTS = YES;
				CLANG_WARN_EMPTY_BODY = YES;
				CLANG_WARN_ENUM_CONVERSION = YES;
				CLANG_WARN_INFINITE_RECURSION = YES;
				CLANG_WARN_INT_CONVERSION = YES;
				CLANG_WARN_NON_LITERAL_NULL_CONVERSION = YES;
				CLANG_WARN_OBJC_IMPLICIT_RETAIN_SELF = YES;
				CLANG_WARN_OBJC_LITERAL_CONVERSION = YES;
				CLANG_WARN_OBJC_ROOT_CLASS = YES_ERROR;
				CLANG_WARN_QUOTED_INCLUDE_IN_FRAMEWORK_HEADER = YES;
				CLANG_WARN_RANGE_LOOP_ANALYSIS = YES;
				CLANG_WARN_STRICT_PROTOTYPES = YES;
				CLANG_WARN_SUSPICIOUS_MOVE = YES;
				CLANG_WARN_UNGUARDED_AVAILABILITY = YES_AGGRESSIVE;
				CLANG_WARN_UNREACHABLE_CODE = YES;
				CLANG_WARN__DUPLICATE_METHOD_MATCH = YES;
				COPY_PHASE_STRIP = NO;
				DEBUG_INFORMATION_FORMAT = "dwarf-with-dsym";
				ENABLE_NS_ASSERTIONS = NO;
				ENABLE_STRICT_OBJC_MSGSEND = YES;
				GCC_C_LANGUAGE_STANDARD = gnu11;
				GCC_NO_COMMON_BLOCKS = YES;
				GCC_WARN_64_TO_32_BIT_CONVERSION = YES;
				GCC_WARN_ABOUT_RETURN_TYPE = YES_ERROR;
				GCC_WARN_UNDECLARED_SELECTOR = YES;
				GCC_WARN_UNINITIALIZED_AUTOS = YES_AGGRESSIVE;
				GCC_WARN_UNUSED_FUNCTION = YES;
				GCC_WARN_UNUSED_VARIABLE = YES;
				MACOSX_DEPLOYMENT_TARGET = 12.7;
				MTL_ENABLE_DEBUG_INFO = NO;
				MTL_FAST_MATH = YES;
				SDKROOT = macosx;
				SWIFT_COMPILATION_MODE = wholemodule;
				SWIFT_OPTIMIZATION_LEVEL = "-O";
			};
			name = Release;
		};
		986ADA462B6C7D1F004E68FF /* Debug */ = {
			isa = XCBuildConfiguration;
			buildSettings = {
				CODE_SIGN_STYLE = Automatic;
				PRODUCT_NAME = "$(TARGET_NAME)";
				SWIFT_VERSION = 5.0;
			};
			name = Debug;
		};
		986ADA472B6C7D1F004E68FF /* Release */ = {
			isa = XCBuildConfiguration;
			buildSettings = {
				CODE_SIGN_STYLE = Automatic;
				PRODUCT_NAME = "$(TARGET_NAME)";
				SWIFT_VERSION = 5.0;
			};
			name = Release;
		};
/* End XCBuildConfiguration section */

/* Begin XCConfigurationList section */
		986ADA392B6C7D1F004E68FF /* Build configuration list for PBXProject "swift-desingPatter" */ = {
			isa = XCConfigurationList;
			buildConfigurations = (
				986ADA432B6C7D1F004E68FF /* Debug */,
				986ADA442B6C7D1F004E68FF /* Release */,
			);
			defaultConfigurationIsVisible = 0;
			defaultConfigurationName = Release;
		};
		986ADA452B6C7D1F004E68FF /* Build configuration list for PBXNativeTarget "swift-desingPatter" */ = {
			isa = XCConfigurationList;
			buildConfigurations = (
				986ADA462B6C7D1F004E68FF /* Debug */,
				986ADA472B6C7D1F004E68FF /* Release */,
			);
			defaultConfigurationIsVisible = 0;
			defaultConfigurationName = Release;
		};
/* End XCConfigurationList section */
	};
	rootObject = 986ADA362B6C7D1F004E68FF /* Project object */;
}
